{
  "name": "sh-ui-toolkit",
  "version": "1.0.0",
  "lockfileVersion": 1,
  "requires": true,
  "dependencies": {
    "fortawesome": {
      "version": "git+ssh://git@github.com/coolcorexix/fortawesome.git#0fff3d7bc9ec4a3abd6d10370638c3c2d7a59c57",
      "from": "git+ssh://git@github.com/coolcorexix/fortawesome.git"
    }
  }
}
